
Microsoft Visual Studio Solution File, Format Version 12.00
# Visual Studio Version 17
VisualStudioVersion = 17.8.34322.80
MinimumVisualStudioVersion = 10.0.40219.1
Project("{9A19103F-16F7-4668-BE54-9A1E7A4F7556}") = "NugetVersionTest", "src\NugetVersionTest\NugetVersionTest.csproj", "{D7ADE3AE-55CB-4AF0-A542-66FCAD8D10A1}"
EndProject
Project("{2150E333-8FDC-42A3-9474-1A3956D46DE8}") = "src", "src", "{B996506E-9B8A-440D-9120-06DE5CFCCBF8}"
EndProject
Project("{2150E333-8FDC-42A3-9474-1A3956D46DE8}") = ".github", ".github", "{9D6BF178-3AFE-44A5-B8E8-B056C1AD1DD3}"
EndProject
Project("{2150E333-8FDC-42A3-9474-1A3956D46DE8}") = "workflows", "workflows", "{2EBE905E-DE28-40A2-B8C6-17025DF6EFB1}"
	ProjectSection(SolutionItems) = preProject
		.github\workflows\github-actions.yml = .github\workflows\github-actions.yml
		.github\workflows\pr.yml = .github\workflows\pr.yml
	EndProjectSection
EndProject
Project("{2150E333-8FDC-42A3-9474-1A3956D46DE8}") = "test", "test", "{9105F54E-9B4A-4F48-B7B6-B53A291D7FC2}"
EndProject
Project("{9A19103F-16F7-4668-BE54-9A1E7A4F7556}") = "NugetVersionTestTest", "test\NugetVersionTestTest\NugetVersionTestTest.csproj", "{32702ED7-D47F-4CCC-B401-24F7A86569C4}"
EndProject
Project("{2150E333-8FDC-42A3-9474-1A3956D46DE8}") = "Solution Items", "Solution Items", "{3499BE44-DD00-4AFE-A48D-6739691D95BA}"
	ProjectSection(SolutionItems) = preProject
		.editorconfig = .editorconfig
		.gitignore = .gitignore
		GitVersion.yml = GitVersion.yml
		README.md = README.md
	EndProjectSection
EndProject
Global
	GlobalSection(SolutionConfigurationPlatforms) = preSolution
		Debug|Any CPU = Debug|Any CPU
		Release|Any CPU = Release|Any CPU
	EndGlobalSection
	GlobalSection(ProjectConfigurationPlatforms) = postSolution
		{D7ADE3AE-55CB-4AF0-A542-66FCAD8D10A1}.Debug|Any CPU.ActiveCfg = Debug|Any CPU
		{D7ADE3AE-55CB-4AF0-A542-66FCAD8D10A1}.Debug|Any CPU.Build.0 = Debug|Any CPU
		{D7ADE3AE-55CB-4AF0-A542-66FCAD8D10A1}.Release|Any CPU.ActiveCfg = Release|Any CPU
		{D7ADE3AE-55CB-4AF0-A542-66FCAD8D10A1}.Release|Any CPU.Build.0 = Release|Any CPU
		{32702ED7-D47F-4CCC-B401-24F7A86569C4}.Debug|Any CPU.ActiveCfg = Debug|Any CPU
		{32702ED7-D47F-4CCC-B401-24F7A86569C4}.Debug|Any CPU.Build.0 = Debug|Any CPU
		{32702ED7-D47F-4CCC-B401-24F7A86569C4}.Release|Any CPU.ActiveCfg = Release|Any CPU
		{32702ED7-D47F-4CCC-B401-24F7A86569C4}.Release|Any CPU.Build.0 = Release|Any CPU
	EndGlobalSection
	GlobalSection(SolutionProperties) = preSolution
		HideSolutionNode = FALSE
	EndGlobalSection
	GlobalSection(NestedProjects) = preSolution
		{D7ADE3AE-55CB-4AF0-A542-66FCAD8D10A1} = {B996506E-9B8A-440D-9120-06DE5CFCCBF8}
		{2EBE905E-DE28-40A2-B8C6-17025DF6EFB1} = {9D6BF178-3AFE-44A5-B8E8-B056C1AD1DD3}
		{32702ED7-D47F-4CCC-B401-24F7A86569C4} = {9105F54E-9B4A-4F48-B7B6-B53A291D7FC2}
	EndGlobalSection
	GlobalSection(ExtensibilityGlobals) = postSolution
		SolutionGuid = {C1532F40-0573-4E43-91D3-7C329241CCD4}
	EndGlobalSection
EndGlobal
